
Microsoft Visual Studio Solution File, Format Version 12.00
# Visual Studio 15
Project("{FAE04EC0-301F-11D3-BF4B-00C04F79EFBC}") = "TasksToDo", "TasksToDo\TasksToDo.csproj", "{6C0C1DB4-C4E8-4E19-87E7-1C7575AAD127}"
EndProject
Global
	GlobalSection(SolutionConfigurationPlatforms) = preSolution
		Debug|Any CPU = Debug|Any CPU
		Release|Any CPU = Release|Any CPU
	EndGlobalSection
	GlobalSection(ProjectConfigurationPlatforms) = postSolution
		{6C0C1DB4-C4E8-4E19-87E7-1C7575AAD127}.Debug|Any CPU.ActiveCfg = Debug|Any CPU
		{6C0C1DB4-C4E8-4E19-87E7-1C7575AAD127}.Debug|Any CPU.Build.0 = Debug|Any CPU
		{6C0C1DB4-C4E8-4E19-87E7-1C7575AAD127}.Release|Any CPU.ActiveCfg = Release|Any CPU
		{6C0C1DB4-C4E8-4E19-87E7-1C7575AAD127}.Release|Any CPU.Build.0 = Release|Any CPU
	EndGlobalSection
	GlobalSection(MonoDevelopProperties) = preSolution
		Policies = $0
		$0.DotNetNamingPolicy = $1
		$1.DirectoryNamespaceAssociation = PrefixedHierarchical
		$0.StandardHeader = $2
		$0.VersionControlPolicy = $3
	EndGlobalSection
EndGlobal
